
Microsoft Visual Studio Solution File, Format Version 12.00
# Visual Studio 15
VisualStudioVersion = 15.0.27703.2026
MinimumVisualStudioVersion = 10.0.40219.1
Project("{FAE04EC0-301F-11D3-BF4B-00C04F79EFBC}") = "Show Inventory Stock In Shop", "Show Inventory Stock In Shop\Show Inventory Stock In Shop.csproj", "{03CB2381-2033-438A-B4CD-88F57FDCFDBC}"
EndProject
Project("{FAE04EC0-301F-11D3-BF4B-00C04F79EFBC}") = "Texture And Material Replacer", "Texture Replacer\Texture And Material Replacer.csproj", "{87E1E6BB-3763-457C-9413-8815406A66E6}"
EndProject
Project("{FAE04EC0-301F-11D3-BF4B-00C04F79EFBC}") = "Prefab Patcher", "Prefab Patcher\Prefab Patcher.csproj", "{34198F5D-1DA6-4998-BC3E-7A03E76C1CCF}"
EndProject
Project("{FAE04EC0-301F-11D3-BF4B-00C04F79EFBC}") = "Show Customer Specs", "Show Customer Specs\Show Customer Specs.csproj", "{8EE13AE3-3D1C-438A-891D-A4A18459C742}"
EndProject
Project("{FAE04EC0-301F-11D3-BF4B-00C04F79EFBC}") = "Order Templates", "Order Templates\Order Templates.csproj", "{F11214EF-0F36-499A-81B1-320EAE493CD9}"
EndProject
Project("{FAE04EC0-301F-11D3-BF4B-00C04F79EFBC}") = "Portable Run And No Restart Install", "Portable Run And No Restart Install\Portable Run And No Restart Install.csproj", "{8EC7B682-4368-4CD7-9EE7-81C60AAA5109}"
EndProject
Project("{FAE04EC0-301F-11D3-BF4B-00C04F79EFBC}") = "Utils", "Utils\Utils.csproj", "{FAD7CB19-9BFE-4AA9-A0EB-DDB9FC7E9A03}"
EndProject
Project("{FAE04EC0-301F-11D3-BF4B-00C04F79EFBC}") = "Inventory Sort Options", "Inventory Sort Options\Inventory Sort Options.csproj", "{2750C3E1-EB00-427F-9523-F263428CCCBA}"
EndProject
Project("{FAE04EC0-301F-11D3-BF4B-00C04F79EFBC}") = "Slider Precision Step", "Slider Precision Step\Slider Precision Step.csproj", "{ED79A837-78F0-4C19-8546-7B1EA9578AB0}"
EndProject
Project("{FAE04EC0-301F-11D3-BF4B-00C04F79EFBC}") = "Flashlight", "Flashlight\Flashlight.csproj", "{5EBE4466-AABD-4E08-8B12-FC356147C1C8}"
EndProject
Global
	GlobalSection(SolutionConfigurationPlatforms) = preSolution
		Debug|Any CPU = Debug|Any CPU
		Release|Any CPU = Release|Any CPU
	EndGlobalSection
	GlobalSection(ProjectConfigurationPlatforms) = postSolution
		{03CB2381-2033-438A-B4CD-88F57FDCFDBC}.Debug|Any CPU.ActiveCfg = Debug|Any CPU
		{03CB2381-2033-438A-B4CD-88F57FDCFDBC}.Debug|Any CPU.Build.0 = Debug|Any CPU
		{03CB2381-2033-438A-B4CD-88F57FDCFDBC}.Release|Any CPU.ActiveCfg = Release|Any CPU
		{03CB2381-2033-438A-B4CD-88F57FDCFDBC}.Release|Any CPU.Build.0 = Release|Any CPU
		{87E1E6BB-3763-457C-9413-8815406A66E6}.Debug|Any CPU.ActiveCfg = Debug|Any CPU
		{87E1E6BB-3763-457C-9413-8815406A66E6}.Debug|Any CPU.Build.0 = Debug|Any CPU
		{87E1E6BB-3763-457C-9413-8815406A66E6}.Release|Any CPU.ActiveCfg = Release|Any CPU
		{87E1E6BB-3763-457C-9413-8815406A66E6}.Release|Any CPU.Build.0 = Release|Any CPU
		{34198F5D-1DA6-4998-BC3E-7A03E76C1CCF}.Debug|Any CPU.ActiveCfg = Debug|Any CPU
		{34198F5D-1DA6-4998-BC3E-7A03E76C1CCF}.Debug|Any CPU.Build.0 = Debug|Any CPU
		{34198F5D-1DA6-4998-BC3E-7A03E76C1CCF}.Release|Any CPU.ActiveCfg = Release|Any CPU
		{34198F5D-1DA6-4998-BC3E-7A03E76C1CCF}.Release|Any CPU.Build.0 = Release|Any CPU
		{8EE13AE3-3D1C-438A-891D-A4A18459C742}.Debug|Any CPU.ActiveCfg = Debug|Any CPU
		{8EE13AE3-3D1C-438A-891D-A4A18459C742}.Debug|Any CPU.Build.0 = Debug|Any CPU
		{8EE13AE3-3D1C-438A-891D-A4A18459C742}.Release|Any CPU.ActiveCfg = Release|Any CPU
		{8EE13AE3-3D1C-438A-891D-A4A18459C742}.Release|Any CPU.Build.0 = Release|Any CPU
		{F11214EF-0F36-499A-81B1-320EAE493CD9}.Debug|Any CPU.ActiveCfg = Debug|Any CPU
		{F11214EF-0F36-499A-81B1-320EAE493CD9}.Debug|Any CPU.Build.0 = Debug|Any CPU
		{F11214EF-0F36-499A-81B1-320EAE493CD9}.Release|Any CPU.ActiveCfg = Release|Any CPU
		{F11214EF-0F36-499A-81B1-320EAE493CD9}.Release|Any CPU.Build.0 = Release|Any CPU
		{8EC7B682-4368-4CD7-9EE7-81C60AAA5109}.Debug|Any CPU.ActiveCfg = Debug|Any CPU
		{8EC7B682-4368-4CD7-9EE7-81C60AAA5109}.Debug|Any CPU.Build.0 = Debug|Any CPU
		{8EC7B682-4368-4CD7-9EE7-81C60AAA5109}.Release|Any CPU.ActiveCfg = Release|Any CPU
		{8EC7B682-4368-4CD7-9EE7-81C60AAA5109}.Release|Any CPU.Build.0 = Release|Any CPU
		{FAD7CB19-9BFE-4AA9-A0EB-DDB9FC7E9A03}.Debug|Any CPU.ActiveCfg = Debug|Any CPU
		{FAD7CB19-9BFE-4AA9-A0EB-DDB9FC7E9A03}.Debug|Any CPU.Build.0 = Debug|Any CPU
		{FAD7CB19-9BFE-4AA9-A0EB-DDB9FC7E9A03}.Release|Any CPU.ActiveCfg = Release|Any CPU
		{FAD7CB19-9BFE-4AA9-A0EB-DDB9FC7E9A03}.Release|Any CPU.Build.0 = Release|Any CPU
		{2750C3E1-EB00-427F-9523-F263428CCCBA}.Debug|Any CPU.ActiveCfg = Debug|Any CPU
		{2750C3E1-EB00-427F-9523-F263428CCCBA}.Debug|Any CPU.Build.0 = Debug|Any CPU
		{2750C3E1-EB00-427F-9523-F263428CCCBA}.Release|Any CPU.ActiveCfg = Release|Any CPU
		{2750C3E1-EB00-427F-9523-F263428CCCBA}.Release|Any CPU.Build.0 = Release|Any CPU
		{ED79A837-78F0-4C19-8546-7B1EA9578AB0}.Debug|Any CPU.ActiveCfg = Debug|Any CPU
		{ED79A837-78F0-4C19-8546-7B1EA9578AB0}.Debug|Any CPU.Build.0 = Debug|Any CPU
		{ED79A837-78F0-4C19-8546-7B1EA9578AB0}.Release|Any CPU.ActiveCfg = Release|Any CPU
		{ED79A837-78F0-4C19-8546-7B1EA9578AB0}.Release|Any CPU.Build.0 = Release|Any CPU
		{5EBE4466-AABD-4E08-8B12-FC356147C1C8}.Debug|Any CPU.ActiveCfg = Debug|Any CPU
		{5EBE4466-AABD-4E08-8B12-FC356147C1C8}.Debug|Any CPU.Build.0 = Debug|Any CPU
		{5EBE4466-AABD-4E08-8B12-FC356147C1C8}.Release|Any CPU.ActiveCfg = Release|Any CPU
		{5EBE4466-AABD-4E08-8B12-FC356147C1C8}.Release|Any CPU.Build.0 = Release|Any CPU
	EndGlobalSection
	GlobalSection(SolutionProperties) = preSolution
		HideSolutionNode = FALSE
	EndGlobalSection
	GlobalSection(ExtensibilityGlobals) = postSolution
		SolutionGuid = {A062AE1A-7A1F-4695-B78C-84D7173A08B8}
	EndGlobalSection
EndGlobal
