
Microsoft Visual Studio Solution File, Format Version 12.00
# Visual Studio 15
VisualStudioVersion = 15.0.27703.2026
MinimumVisualStudioVersion = 10.0.40219.1
Project("{FAE04EC0-301F-11D3-BF4B-00C04F79EFBC}") = "Show Inventory Stock In Shop", "Show Inventory Stock In Shop\Show Inventory Stock In Shop.csproj", "{03CB2381-2033-438A-B4CD-88F57FDCFDBC}"
EndProject
Project("{FAE04EC0-301F-11D3-BF4B-00C04F79EFBC}") = "Texture Replacer", "Texture Replacer\Texture Replacer.csproj", "{87E1E6BB-3763-457C-9413-8815406A66E6}"
EndProject
Project("{FAE04EC0-301F-11D3-BF4B-00C04F79EFBC}") = "Prefab Patcher", "Prefab Patcher\Prefab Patcher.csproj", "{34198F5D-1DA6-4998-BC3E-7A03E76C1CCF}"
EndProject
Global
	GlobalSection(SolutionConfigurationPlatforms) = preSolution
		Debug|Any CPU = Debug|Any CPU
		Release|Any CPU = Release|Any CPU
	EndGlobalSection
	GlobalSection(ProjectConfigurationPlatforms) = postSolution
		{03CB2381-2033-438A-B4CD-88F57FDCFDBC}.Debug|Any CPU.ActiveCfg = Debug|Any CPU
		{03CB2381-2033-438A-B4CD-88F57FDCFDBC}.Debug|Any CPU.Build.0 = Debug|Any CPU
		{03CB2381-2033-438A-B4CD-88F57FDCFDBC}.Release|Any CPU.ActiveCfg = Release|Any CPU
		{03CB2381-2033-438A-B4CD-88F57FDCFDBC}.Release|Any CPU.Build.0 = Release|Any CPU
		{87E1E6BB-3763-457C-9413-8815406A66E6}.Debug|Any CPU.ActiveCfg = Debug|Any CPU
		{87E1E6BB-3763-457C-9413-8815406A66E6}.Debug|Any CPU.Build.0 = Debug|Any CPU
		{87E1E6BB-3763-457C-9413-8815406A66E6}.Release|Any CPU.ActiveCfg = Release|Any CPU
		{87E1E6BB-3763-457C-9413-8815406A66E6}.Release|Any CPU.Build.0 = Release|Any CPU
		{34198F5D-1DA6-4998-BC3E-7A03E76C1CCF}.Debug|Any CPU.ActiveCfg = Debug|Any CPU
		{34198F5D-1DA6-4998-BC3E-7A03E76C1CCF}.Debug|Any CPU.Build.0 = Debug|Any CPU
		{34198F5D-1DA6-4998-BC3E-7A03E76C1CCF}.Release|Any CPU.ActiveCfg = Release|Any CPU
		{34198F5D-1DA6-4998-BC3E-7A03E76C1CCF}.Release|Any CPU.Build.0 = Release|Any CPU
	EndGlobalSection
	GlobalSection(SolutionProperties) = preSolution
		HideSolutionNode = FALSE
	EndGlobalSection
	GlobalSection(ExtensibilityGlobals) = postSolution
		SolutionGuid = {A062AE1A-7A1F-4695-B78C-84D7173A08B8}
	EndGlobalSection
EndGlobal
